
Microsoft Visual Studio Solution File, Format Version 12.00
# Visual Studio 15
VisualStudioVersion = 15.0.27130.2010
MinimumVisualStudioVersion = 10.0.40219.1
Project("{FAE04EC0-301F-11D3-BF4B-00C04F79EFBC}") = "DotNetCore2Test", "DotNetCore2Test\DotNetCore2Test.csproj", "{D5CE469F-1997-4032-B795-E23A79E4A2C7}"
EndProject
Global
	GlobalSection(SolutionConfigurationPlatforms) = preSolution
		Debug|Any CPU = Debug|Any CPU
		Release|Any CPU = Release|Any CPU
	EndGlobalSection
	GlobalSection(ProjectConfigurationPlatforms) = postSolution
		{D5CE469F-1997-4032-B795-E23A79E4A2C7}.Debug|Any CPU.ActiveCfg = Debug|Any CPU
		{D5CE469F-1997-4032-B795-E23A79E4A2C7}.Debug|Any CPU.Build.0 = Debug|Any CPU
		{D5CE469F-1997-4032-B795-E23A79E4A2C7}.Release|Any CPU.ActiveCfg = Release|Any CPU
		{D5CE469F-1997-4032-B795-E23A79E4A2C7}.Release|Any CPU.Build.0 = Release|Any CPU
	EndGlobalSection
	GlobalSection(SolutionProperties) = preSolution
		HideSolutionNode = FALSE
	EndGlobalSection
	GlobalSection(ExtensibilityGlobals) = postSolution
		SolutionGuid = {58439FD5-8794-45E7-A659-15579092DD06}
	EndGlobalSection
EndGlobal
